# THIS IS AN AUTOGENERATED FILE. DO NOT EDIT THIS FILE DIRECTLY.
# yarn lockfile v1


"@ethersproject/abi@5.6.4", "@ethersproject/abi@^5.6.3":
  version "5.6.4"
  resolved "https://registry.yarnpkg.com/@ethersproject/abi/-/abi-5.6.4.tgz#f6e01b6ed391a505932698ecc0d9e7a99ee60362"
  integrity sha512-TTeZUlCeIHG6527/2goZA6gW5F8Emoc7MrZDC7hhP84aRGvW3TEdTnZR08Ls88YXM1m2SuK42Osw/jSi3uO8gg==
  dependencies:
    "@ethersproject/address" "^5.6.1"
    "@ethersproject/bignumber" "^5.6.2"
    "@ethersproject/bytes" "^5.6.1"
    "@ethersproject/constants" "^5.6.1"
    "@ethersproject/hash" "^5.6.1"
    "@ethersproject/keccak256" "^5.6.1"
    "@ethersproject/logger" "^5.6.0"
    "@ethersproject/properties" "^5.6.0"
    "@ethersproject/strings" "^5.6.1"

"@ethersproject/abstract-provider@5.6.1", "@ethersproject/abstract-provider@^5.6.1":
  version "5.6.1"
  resolved "https://registry.yarnpkg.com/@ethersproject/abstract-provider/-/abstract-provider-5.6.1.tgz#02ddce150785caf0c77fe036a0ebfcee61878c59"
  integrity sha512-BxlIgogYJtp1FS8Muvj8YfdClk3unZH0vRMVX791Z9INBNT/kuACZ9GzaY1Y4yFq+YSy6/w4gzj3HCRKrK9hsQ==
  dependencies:
    "@ethersproject/bignumber" "^5.6.2"
    "@ethersproject/bytes" "^5.6.1"
    "@ethersproject/logger" "^5.6.0"
    "@ethersproject/networks" "^5.6.3"
    "@ethersproject/properties" "^5.6.0"
    "@ethersproject/transactions" "^5.6.2"
    "@ethersproject/web" "^5.6.1"

"@ethersproject/abstract-signer@5.6.2", "@ethersproject/abstract-signer@^5.6.2":
  version "5.6.2"
  resolved "https://registry.yarnpkg.com/@ethersproject/abstract-signer/-/abstract-signer-5.6.2.tgz#491f07fc2cbd5da258f46ec539664713950b0b33"
  integrity sha512-n1r6lttFBG0t2vNiI3HoWaS/KdOt8xyDjzlP2cuevlWLG6EX0OwcKLyG/Kp/cuwNxdy/ous+R/DEMdTUwWQIjQ==
  dependencies:
    "@ethersproject/abstract-provider" "^5.6.1"
    "@ethersproject/bignumber" "^5.6.2"
    "@ethersproject/bytes" "^5.6.1"
    "@ethersproject/logger" "^5.6.0"
    "@ethersproject/properties" "^5.6.0"

"@ethersproject/address@5.6.1", "@ethersproject/address@^5.6.1":
  version "5.6.1"
  resolved "https://registry.yarnpkg.com/@ethersproject/address/-/address-5.6.1.tgz#ab57818d9aefee919c5721d28cd31fd95eff413d"
  integrity sha512-uOgF0kS5MJv9ZvCz7x6T2EXJSzotiybApn4XlOgoTX0xdtyVIJ7pF+6cGPxiEq/dpBiTfMiw7Yc81JcwhSYA0Q==
  dependencies:
    "@ethersproject/bignumber" "^5.6.2"
    "@ethersproject/bytes" "^5.6.1"
    "@ethersproject/keccak256" "^5.6.1"
    "@ethersproject/logger" "^5.6.0"
    "@ethersproject/rlp" "^5.6.1"

"@ethersproject/base64@5.6.1", "@ethersproject/base64@^5.6.1":
  version "5.6.1"
  resolved "https://registry.yarnpkg.com/@ethersproject/base64/-/base64-5.6.1.tgz#2c40d8a0310c9d1606c2c37ae3092634b41d87cb"
  integrity sha512-qB76rjop6a0RIYYMiB4Eh/8n+Hxu2NIZm8S/Q7kNo5pmZfXhHGHmS4MinUainiBC54SCyRnwzL+KZjj8zbsSsw==
  dependencies:
    "@ethersproject/bytes" "^5.6.1"

"@ethersproject/basex@5.6.1", "@ethersproject/basex@^5.6.1":
  version "5.6.1"
  resolved "https://registry.yarnpkg.com/@ethersproject/basex/-/basex-5.6.1.tgz#badbb2f1d4a6f52ce41c9064f01eab19cc4c5305"
  integrity sha512-a52MkVz4vuBXR06nvflPMotld1FJWSj2QT0985v7P/emPZO00PucFAkbcmq2vpVU7Ts7umKiSI6SppiLykVWsA==
  dependencies:
    "@ethersproject/bytes" "^5.6.1"
    "@ethersproject/properties" "^5.6.0"

"@ethersproject/bignumber@5.6.2", "@ethersproject/bignumber@^5.6.2":
  version "5.6.2"
  resolved "https://registry.yarnpkg.com/@ethersproject/bignumber/-/bignumber-5.6.2.tgz#72a0717d6163fab44c47bcc82e0c550ac0315d66"
  integrity sha512-v7+EEUbhGqT3XJ9LMPsKvXYHFc8eHxTowFCG/HgJErmq4XHJ2WR7aeyICg3uTOAQ7Icn0GFHAohXEhxQHq4Ubw==
  dependencies:
    "@ethersproject/bytes" "^5.6.1"
    "@ethersproject/logger" "^5.6.0"
    bn.js "^5.2.1"

"@ethersproject/bytes@5.6.1", "@ethersproject/bytes@^5.6.1":
  version "5.6.1"
  resolved "https://registry.yarnpkg.com/@ethersproject/bytes/-/bytes-5.6.1.tgz#24f916e411f82a8a60412344bf4a813b917eefe7"
  integrity sha512-NwQt7cKn5+ZE4uDn+X5RAXLp46E1chXoaMmrxAyA0rblpxz8t58lVkrHXoRIn0lz1joQElQ8410GqhTqMOwc6g==
  dependencies:
    "@ethersproject/logger" "^5.6.0"

"@ethersproject/constants@5.6.1", "@ethersproject/constants@^5.6.1":
  version "5.6.1"
  resolved "https://registry.yarnpkg.com/@ethersproject/constants/-/constants-5.6.1.tgz#e2e974cac160dd101cf79fdf879d7d18e8cb1370"
  integrity sha512-QSq9WVnZbxXYFftrjSjZDUshp6/eKp6qrtdBtUCm0QxCV5z1fG/w3kdlcsjMCQuQHUnAclKoK7XpXMezhRDOLg==
  dependencies:
    "@ethersproject/bignumber" "^5.6.2"

"@ethersproject/contracts@5.6.2":
  version "5.6.2"
  resolved "https://registry.yarnpkg.com/@ethersproject/contracts/-/contracts-5.6.2.tgz#20b52e69ebc1b74274ff8e3d4e508de971c287bc"
  integrity sha512-hguUA57BIKi6WY0kHvZp6PwPlWF87MCeB4B7Z7AbUpTxfFXFdn/3b0GmjZPagIHS+3yhcBJDnuEfU4Xz+Ks/8g==
  dependencies:
    "@ethersproject/abi" "^5.6.3"
    "@ethersproject/abstract-provider" "^5.6.1"
    "@ethersproject/abstract-signer" "^5.6.2"
    "@ethersproject/address" "^5.6.1"
    "@ethersproject/bignumber" "^5.6.2"
    "@ethersproject/bytes" "^5.6.1"
    "@ethersproject/constants" "^5.6.1"
    "@ethersproject/logger" "^5.6.0"
    "@ethersproject/properties" "^5.6.0"
    "@ethersproject/transactions" "^5.6.2"

"@ethersproject/hash@5.6.1", "@ethersproject/hash@^5.6.1":
  version "5.6.1"
  resolved "https://registry.yarnpkg.com/@ethersproject/hash/-/hash-5.6.1.tgz#224572ea4de257f05b4abf8ae58b03a67e99b0f4"
  integrity sha512-L1xAHurbaxG8VVul4ankNX5HgQ8PNCTrnVXEiFnE9xoRnaUcgfD12tZINtDinSllxPLCtGwguQxJ5E6keE84pA==
  dependencies:
    "@ethersproject/abstract-signer" "^5.6.2"
    "@ethersproject/address" "^5.6.1"
    "@ethersproject/bignumber" "^5.6.2"
    "@ethersproject/bytes" "^5.6.1"
    "@ethersproject/keccak256" "^5.6.1"
    "@ethersproject/logger" "^5.6.0"
    "@ethersproject/properties" "^5.6.0"
    "@ethersproject/strings" "^5.6.1"

"@ethersproject/hdnode@5.6.2", "@ethersproject/hdnode@^5.6.2":
  version "5.6.2"
  resolved "https://registry.yarnpkg.com/@ethersproject/hdnode/-/hdnode-5.6.2.tgz#26f3c83a3e8f1b7985c15d1db50dc2903418b2d2"
  integrity sha512-tERxW8Ccf9CxW2db3WsN01Qao3wFeRsfYY9TCuhmG0xNpl2IO8wgXU3HtWIZ49gUWPggRy4Yg5axU0ACaEKf1Q==
  dependencies:
    "@ethersproject/abstract-signer" "^5.6.2"
    "@ethersproject/basex" "^5.6.1"
    "@ethersproject/bignumber" "^5.6.2"
    "@ethersproject/bytes" "^5.6.1"
    "@ethersproject/logger" "^5.6.0"
    "@ethersproject/pbkdf2" "^5.6.1"
    "@ethersproject/properties" "^5.6.0"
    "@ethersproject/sha2" "^5.6.1"
    "@ethersproject/signing-key" "^5.6.2"
    "@ethersproject/strings" "^5.6.1"
    "@ethersproject/transactions" "^5.6.2"
    "@ethersproject/wordlists" "^5.6.1"

"@ethersproject/json-wallets@5.6.1", "@ethersproject/json-wallets@^5.6.1":
  version "5.6.1"
  resolved "https://registry.yarnpkg.com/@ethersproject/json-wallets/-/json-wallets-5.6.1.tgz#3f06ba555c9c0d7da46756a12ac53483fe18dd91"
  integrity sha512-KfyJ6Zwz3kGeX25nLihPwZYlDqamO6pfGKNnVMWWfEVVp42lTfCZVXXy5Ie8IZTN0HKwAngpIPi7gk4IJzgmqQ==
  dependencies:
    "@ethersproject/abstract-signer" "^5.6.2"
    "@ethersproject/address" "^5.6.1"
    "@ethersproject/bytes" "^5.6.1"
    "@ethersproject/hdnode" "^5.6.2"
    "@ethersproject/keccak256" "^5.6.1"
    "@ethersproject/logger" "^5.6.0"
    "@ethersproject/pbkdf2" "^5.6.1"
    "@ethersproject/properties" "^5.6.0"
    "@ethersproject/random" "^5.6.1"
    "@ethersproject/strings" "^5.6.1"
    "@ethersproject/transactions" "^5.6.2"
    aes-js "3.0.0"
    scrypt-js "3.0.1"

"@ethersproject/keccak256@5.6.1", "@ethersproject/keccak256@^5.6.1":
  version "5.6.1"
  resolved "https://registry.yarnpkg.com/@ethersproject/keccak256/-/keccak256-5.6.1.tgz#b867167c9b50ba1b1a92bccdd4f2d6bd168a91cc"
  integrity sha512-bB7DQHCTRDooZZdL3lk9wpL0+XuG3XLGHLh3cePnybsO3V0rdCAOQGpn/0R3aODmnTOOkCATJiD2hnL+5bwthA==
  dependencies:
    "@ethersproject/bytes" "^5.6.1"
    js-sha3 "0.8.0"

"@ethersproject/logger@5.6.0", "@ethersproject/logger@^5.6.0":
  version "5.6.0"
  resolved "https://registry.yarnpkg.com/@ethersproject/logger/-/logger-5.6.0.tgz#d7db1bfcc22fd2e4ab574cba0bb6ad779a9a3e7a"
  integrity sha512-BiBWllUROH9w+P21RzoxJKzqoqpkyM1pRnEKG69bulE9TSQD8SAIvTQqIMZmmCO8pUNkgLP1wndX1gKghSpBmg==

"@ethersproject/networks@5.6.4", "@ethersproject/networks@^5.6.3":
  version "5.6.4"
  resolved "https://registry.yarnpkg.com/@ethersproject/networks/-/networks-5.6.4.tgz#51296d8fec59e9627554f5a8a9c7791248c8dc07"
  integrity sha512-KShHeHPahHI2UlWdtDMn2lJETcbtaJge4k7XSjDR9h79QTd6yQJmv6Cp2ZA4JdqWnhszAOLSuJEd9C0PRw7hSQ==
  dependencies:
    "@ethersproject/logger" "^5.6.0"

"@ethersproject/pbkdf2@5.6.1", "@ethersproject/pbkdf2@^5.6.1":
  version "5.6.1"
  resolved "https://registry.yarnpkg.com/@ethersproject/pbkdf2/-/pbkdf2-5.6.1.tgz#f462fe320b22c0d6b1d72a9920a3963b09eb82d1"
  integrity sha512-k4gRQ+D93zDRPNUfmduNKq065uadC2YjMP/CqwwX5qG6R05f47boq6pLZtV/RnC4NZAYOPH1Cyo54q0c9sshRQ==
  dependencies:
    "@ethersproject/bytes" "^5.6.1"
    "@ethersproject/sha2" "^5.6.1"

"@ethersproject/properties@5.6.0", "@ethersproject/properties@^5.6.0":
  version "5.6.0"
  resolved "https://registry.yarnpkg.com/@ethersproject/properties/-/properties-5.6.0.tgz#38904651713bc6bdd5bdd1b0a4287ecda920fa04"
  integrity sha512-szoOkHskajKePTJSZ46uHUWWkbv7TzP2ypdEK6jGMqJaEt2sb0jCgfBo0gH0m2HBpRixMuJ6TBRaQCF7a9DoCg==
  dependencies:
    "@ethersproject/logger" "^5.6.0"

"@ethersproject/providers@5.6.8":
  version "5.6.8"
  resolved "https://registry.yarnpkg.com/@ethersproject/providers/-/providers-5.6.8.tgz#22e6c57be215ba5545d3a46cf759d265bb4e879d"
  integrity sha512-Wf+CseT/iOJjrGtAOf3ck9zS7AgPmr2fZ3N97r4+YXN3mBePTG2/bJ8DApl9mVwYL+RpYbNxMEkEp4mPGdwG/w==
  dependencies:
    "@ethersproject/abstract-provider" "^5.6.1"
    "@ethersproject/abstract-signer" "^5.6.2"
    "@ethersproject/address" "^5.6.1"
    "@ethersproject/base64" "^5.6.1"
    "@ethersproject/basex" "^5.6.1"
    "@ethersproject/bignumber" "^5.6.2"
    "@ethersproject/bytes" "^5.6.1"
    "@ethersproject/constants" "^5.6.1"
    "@ethersproject/hash" "^5.6.1"
    "@ethersproject/logger" "^5.6.0"
    "@ethersproject/networks" "^5.6.3"
    "@ethersproject/properties" "^5.6.0"
    "@ethersproject/random" "^5.6.1"
    "@ethersproject/rlp" "^5.6.1"
    "@ethersproject/sha2" "^5.6.1"
    "@ethersproject/strings" "^5.6.1"
    "@ethersproject/transactions" "^5.6.2"
    "@ethersproject/web" "^5.6.1"
    bech32 "1.1.4"
    ws "7.4.6"

"@ethersproject/random@5.6.1", "@ethersproject/random@^5.6.1":
  version "5.6.1"
  resolved "https://registry.yarnpkg.com/@ethersproject/random/-/random-5.6.1.tgz#66915943981bcd3e11bbd43733f5c3ba5a790255"
  integrity sha512-/wtPNHwbmng+5yi3fkipA8YBT59DdkGRoC2vWk09Dci/q5DlgnMkhIycjHlavrvrjJBkFjO/ueLyT+aUDfc4lA==
  dependencies:
    "@ethersproject/bytes" "^5.6.1"
    "@ethersproject/logger" "^5.6.0"

"@ethersproject/rlp@5.6.1", "@ethersproject/rlp@^5.6.1":
  version "5.6.1"
  resolved "https://registry.yarnpkg.com/@ethersproject/rlp/-/rlp-5.6.1.tgz#df8311e6f9f24dcb03d59a2bac457a28a4fe2bd8"
  integrity sha512-uYjmcZx+DKlFUk7a5/W9aQVaoEC7+1MOBgNtvNg13+RnuUwT4F0zTovC0tmay5SmRslb29V1B7Y5KCri46WhuQ==
  dependencies:
    "@ethersproject/bytes" "^5.6.1"
    "@ethersproject/logger" "^5.6.0"

"@ethersproject/sha2@5.6.1", "@ethersproject/sha2@^5.6.1":
  version "5.6.1"
  resolved "https://registry.yarnpkg.com/@ethersproject/sha2/-/sha2-5.6.1.tgz#211f14d3f5da5301c8972a8827770b6fd3e51656"
  integrity sha512-5K2GyqcW7G4Yo3uenHegbXRPDgARpWUiXc6RiF7b6i/HXUoWlb7uCARh7BAHg7/qT/Q5ydofNwiZcim9qpjB6g==
  dependencies:
    "@ethersproject/bytes" "^5.6.1"
    "@ethersproject/logger" "^5.6.0"
    hash.js "1.1.7"

"@ethersproject/signing-key@5.6.2", "@ethersproject/signing-key@^5.6.2":
  version "5.6.2"
  resolved "https://registry.yarnpkg.com/@ethersproject/signing-key/-/signing-key-5.6.2.tgz#8a51b111e4d62e5a62aee1da1e088d12de0614a3"
  integrity sha512-jVbu0RuP7EFpw82vHcL+GP35+KaNruVAZM90GxgQnGqB6crhBqW/ozBfFvdeImtmb4qPko0uxXjn8l9jpn0cwQ==
  dependencies:
    "@ethersproject/bytes" "^5.6.1"
    "@ethersproject/logger" "^5.6.0"
    "@ethersproject/properties" "^5.6.0"
    bn.js "^5.2.1"
    elliptic "6.5.4"
    hash.js "1.1.7"

"@ethersproject/solidity@5.6.1":
  version "5.6.1"
  resolved "https://registry.yarnpkg.com/@ethersproject/solidity/-/solidity-5.6.1.tgz#5845e71182c66d32e6ec5eefd041fca091a473e2"
  integrity sha512-KWqVLkUUoLBfL1iwdzUVlkNqAUIFMpbbeH0rgCfKmJp0vFtY4AsaN91gHKo9ZZLkC4UOm3cI3BmMV4N53BOq4g==
  dependencies:
    "@ethersproject/bignumber" "^5.6.2"
    "@ethersproject/bytes" "^5.6.1"
    "@ethersproject/keccak256" "^5.6.1"
    "@ethersproject/logger" "^5.6.0"
    "@ethersproject/sha2" "^5.6.1"
    "@ethersproject/strings" "^5.6.1"

"@ethersproject/strings@5.6.1", "@ethersproject/strings@^5.6.1":
  version "5.6.1"
  resolved "https://registry.yarnpkg.com/@ethersproject/strings/-/strings-5.6.1.tgz#dbc1b7f901db822b5cafd4ebf01ca93c373f8952"
  integrity sha512-2X1Lgk6Jyfg26MUnsHiT456U9ijxKUybz8IM1Vih+NJxYtXhmvKBcHOmvGqpFSVJ0nQ4ZCoIViR8XlRw1v/+Cw==
  dependencies:
    "@ethersproject/bytes" "^5.6.1"
    "@ethersproject/constants" "^5.6.1"
    "@ethersproject/logger" "^5.6.0"

"@ethersproject/transactions@5.6.2", "@ethersproject/transactions@^5.6.2":
  version "5.6.2"
  resolved "https://registry.yarnpkg.com/@ethersproject/transactions/-/transactions-5.6.2.tgz#793a774c01ced9fe7073985bb95a4b4e57a6370b"
  integrity sha512-BuV63IRPHmJvthNkkt9G70Ullx6AcM+SDc+a8Aw/8Yew6YwT51TcBKEp1P4oOQ/bP25I18JJr7rcFRgFtU9B2Q==
  dependencies:
    "@ethersproject/address" "^5.6.1"
    "@ethersproject/bignumber" "^5.6.2"
    "@ethersproject/bytes" "^5.6.1"
    "@ethersproject/constants" "^5.6.1"
    "@ethersproject/keccak256" "^5.6.1"
    "@ethersproject/logger" "^5.6.0"
    "@ethersproject/properties" "^5.6.0"
    "@ethersproject/rlp" "^5.6.1"
    "@ethersproject/signing-key" "^5.6.2"

"@ethersproject/units@5.6.1":
  version "5.6.1"
  resolved "https://registry.yarnpkg.com/@ethersproject/units/-/units-5.6.1.tgz#ecc590d16d37c8f9ef4e89e2005bda7ddc6a4e6f"
  integrity sha512-rEfSEvMQ7obcx3KWD5EWWx77gqv54K6BKiZzKxkQJqtpriVsICrktIQmKl8ReNToPeIYPnFHpXvKpi068YFZXw==
  dependencies:
    "@ethersproject/bignumber" "^5.6.2"
    "@ethersproject/constants" "^5.6.1"
    "@ethersproject/logger" "^5.6.0"

"@ethersproject/wallet@5.6.2":
  version "5.6.2"
  resolved "https://registry.yarnpkg.com/@ethersproject/wallet/-/wallet-5.6.2.tgz#cd61429d1e934681e413f4bc847a5f2f87e3a03c"
  integrity sha512-lrgh0FDQPuOnHcF80Q3gHYsSUODp6aJLAdDmDV0xKCN/T7D99ta1jGVhulg3PY8wiXEngD0DfM0I2XKXlrqJfg==
  dependencies:
    "@ethersproject/abstract-provider" "^5.6.1"
    "@ethersproject/abstract-signer" "^5.6.2"
    "@ethersproject/address" "^5.6.1"
    "@ethersproject/bignumber" "^5.6.2"
    "@ethersproject/bytes" "^5.6.1"
    "@ethersproject/hash" "^5.6.1"
    "@ethersproject/hdnode" "^5.6.2"
    "@ethersproject/json-wallets" "^5.6.1"
    "@ethersproject/keccak256" "^5.6.1"
    "@ethersproject/logger" "^5.6.0"
    "@ethersproject/properties" "^5.6.0"
    "@ethersproject/random" "^5.6.1"
    "@ethersproject/signing-key" "^5.6.2"
    "@ethersproject/transactions" "^5.6.2"
    "@ethersproject/wordlists" "^5.6.1"

"@ethersproject/web@5.6.1", "@ethersproject/web@^5.6.1":
  version "5.6.1"
  resolved "https://registry.yarnpkg.com/@ethersproject/web/-/web-5.6.1.tgz#6e2bd3ebadd033e6fe57d072db2b69ad2c9bdf5d"
  integrity sha512-/vSyzaQlNXkO1WV+RneYKqCJwualcUdx/Z3gseVovZP0wIlOFcCE1hkRhKBH8ImKbGQbMl9EAAyJFrJu7V0aqA==
  dependencies:
    "@ethersproject/base64" "^5.6.1"
    "@ethersproject/bytes" "^5.6.1"
    "@ethersproject/logger" "^5.6.0"
    "@ethersproject/properties" "^5.6.0"
    "@ethersproject/strings" "^5.6.1"

"@ethersproject/wordlists@5.6.1", "@ethersproject/wordlists@^5.6.1":
  version "5.6.1"
  resolved "https://registry.yarnpkg.com/@ethersproject/wordlists/-/wordlists-5.6.1.tgz#1e78e2740a8a21e9e99947e47979d72e130aeda1"
  integrity sha512-wiPRgBpNbNwCQFoCr8bcWO8o5I810cqO6mkdtKfLKFlLxeCWcnzDi4Alu8iyNzlhYuS9npCwivMbRWF19dyblw==
  dependencies:
    "@ethersproject/bytes" "^5.6.1"
    "@ethersproject/hash" "^5.6.1"
    "@ethersproject/logger" "^5.6.0"
    "@ethersproject/properties" "^5.6.0"
    "@ethersproject/strings" "^5.6.1"

"@prisma/client@4.1.1":
  version "4.1.1"
  resolved "https://registry.yarnpkg.com/@prisma/client/-/client-4.1.1.tgz#dcb1118397deb8247fbe39a1f3eee5606648adf8"
  integrity sha512-2pXuIUYxHv5H9o6QTa1VIsl4yMgsAjKQOitlo8WVTB+vo73rmMJITBPavdGUZSWUc7adMkFzEV3y5rVTUQr77Q==
  dependencies:
    "@prisma/engines-version" "4.1.0-48.8d8414deb360336e4698a65aa45a1fbaf1ce13d8"

"@prisma/engines-version@4.1.0-48.8d8414deb360336e4698a65aa45a1fbaf1ce13d8":
  version "4.1.0-48.8d8414deb360336e4698a65aa45a1fbaf1ce13d8"
  resolved "https://registry.yarnpkg.com/@prisma/engines-version/-/engines-version-4.1.0-48.8d8414deb360336e4698a65aa45a1fbaf1ce13d8.tgz#ce00e6377126e491a8b1e0e2039c97e2924bd6d9"
  integrity sha512-cRRJwpHFGFJZvtHbY3GZjMffNBEjjZk68ztn+S2hDgPCGB4H66IK26roK94GJxBodSehwRJ0wGyebC2GoIH1JQ==

"@prisma/engines@4.1.1":
  version "4.1.1"
  resolved "https://registry.yarnpkg.com/@prisma/engines/-/engines-4.1.1.tgz#a6a75870618bbd19ff734c51af7dbe9f362c3265"
  integrity sha512-DCw8L/SS0IXqmj5IW/fMxOXiifnsfjBzDfRhf0j3NFWqvMCh9OtfjmXQZxVgI2mwvJLc/5jzXhkiWT39qS09dA==

"@sindresorhus/is@^4.0.0":
  version "4.6.0"
  resolved "https://registry.yarnpkg.com/@sindresorhus/is/-/is-4.6.0.tgz#3c7c9c46e678feefe7a2e5bb609d3dbd665ffb3f"
  integrity sha512-t09vSN3MdfsyCHoFcTRCH/iUtG7OJ0CsjzB8cjAmKc/va/kIgeDI/TxsigdncE/4be734m0cvIYwNaV4i2XqAw==

"@szmarczak/http-timer@^4.0.5":
  version "4.0.6"
  resolved "https://registry.yarnpkg.com/@szmarczak/http-timer/-/http-timer-4.0.6.tgz#b4a914bb62e7c272d4e5989fe4440f812ab1d807"
  integrity sha512-4BAffykYOgO+5nzBWYwE3W90sBgLJoUPRWWcL8wlyiM8IB8ipJz3UMJ9KXQd1RKQXpKp8Tutn80HZtWsu2u76w==
  dependencies:
    defer-to-connect "^2.0.0"

"@types/cacheable-request@^6.0.1":
  version "6.0.2"
  resolved "https://registry.yarnpkg.com/@types/cacheable-request/-/cacheable-request-6.0.2.tgz#c324da0197de0a98a2312156536ae262429ff6b9"
  integrity sha512-B3xVo+dlKM6nnKTcmm5ZtY/OL8bOAOd2Olee9M1zft65ox50OzjEHW91sDiU9j6cvW8Ejg1/Qkf4xd2kugApUA==
  dependencies:
    "@types/http-cache-semantics" "*"
    "@types/keyv" "*"
    "@types/node" "*"
    "@types/responselike" "*"

"@types/http-cache-semantics@*":
  version "4.0.1"
  resolved "https://registry.yarnpkg.com/@types/http-cache-semantics/-/http-cache-semantics-4.0.1.tgz#0ea7b61496902b95890dc4c3a116b60cb8dae812"
  integrity sha512-SZs7ekbP8CN0txVG2xVRH6EgKmEm31BOxA07vkFaETzZz1xh+cbt8BcI0slpymvwhx5dlFnQG2rTlPVQn+iRPQ==

"@types/json-buffer@~3.0.0":
  version "3.0.0"
  resolved "https://registry.yarnpkg.com/@types/json-buffer/-/json-buffer-3.0.0.tgz#85c1ff0f0948fc159810d4b5be35bf8c20875f64"
  integrity sha512-3YP80IxxFJB4b5tYC2SUPwkg0XQLiu0nWvhRgEatgjf+29IcWO9X1k8xRv5DGssJ/lCrjYTjQPcobJr2yWIVuQ==

"@types/keyv@*":
  version "3.1.4"
  resolved "https://registry.yarnpkg.com/@types/keyv/-/keyv-3.1.4.tgz#3ccdb1c6751b0c7e52300bcdacd5bcbf8faa75b6"
  integrity sha512-BQ5aZNSCpj7D6K2ksrRCTmKRLEpnPvWDiLPfoGyhZ++8YtiK9d/3DBKPJgry359X/P1PfruyYwvnvwFjuEiEIg==
  dependencies:
    "@types/node" "*"

"@types/node@*":
  version "18.6.4"
  resolved "https://registry.yarnpkg.com/@types/node/-/node-18.6.4.tgz#fd26723a8a3f8f46729812a7f9b4fc2d1608ed39"
  integrity sha512-I4BD3L+6AWiUobfxZ49DlU43gtI+FTHSv9pE2Zekg6KjMpre4ByusaljW3vYSLJrvQ1ck1hUaeVu8HVlY3vzHg==

"@types/responselike@*", "@types/responselike@^1.0.0":
  version "1.0.0"
  resolved "https://registry.yarnpkg.com/@types/responselike/-/responselike-1.0.0.tgz#251f4fe7d154d2bad125abe1b429b23afd262e29"
  integrity sha512-85Y2BjiufFzaMIlvJDvTTB8Fxl2xfLo4HgmHzVBz08w4wDePCTjYw66PdrolO0kzli3yam/YCgRufyo1DdQVTA==
  dependencies:
    "@types/node" "*"

"@types/webidl-conversions@*":
  version "6.1.1"
  resolved "https://registry.yarnpkg.com/@types/webidl-conversions/-/webidl-conversions-6.1.1.tgz#e33bc8ea812a01f63f90481c666334844b12a09e"
  integrity sha512-XAahCdThVuCFDQLT7R7Pk/vqeObFNL3YqRyFZg+AqAP/W1/w3xHaIxuW7WszQqTbIBOPRcItYJIou3i/mppu3Q==

"@types/whatwg-url@^8.2.1":
  version "8.2.2"
  resolved "https://registry.yarnpkg.com/@types/whatwg-url/-/whatwg-url-8.2.2.tgz#749d5b3873e845897ada99be4448041d4cc39e63"
  integrity sha512-FtQu10RWgn3D9U4aazdwIE2yzphmTJREDqNdODHrbrZmmMqI0vMheC/6NE/J1Yveaj8H+ela+YwWTjq5PGmuhA==
  dependencies:
    "@types/node" "*"
    "@types/webidl-conversions" "*"

aes-js@3.0.0:
  version "3.0.0"
  resolved "https://registry.yarnpkg.com/aes-js/-/aes-js-3.0.0.tgz#e21df10ad6c2053295bcbb8dab40b09dbea87e4d"
  integrity sha512-H7wUZRn8WpTq9jocdxQ2c8x2sKo9ZVmzfRE13GiNJXfp7NcKYEdvl3vspKjXox6RIG2VtaRe4JFvxG4rqp2Zuw==

base64-js@^1.3.1:
  version "1.5.1"
  resolved "https://registry.yarnpkg.com/base64-js/-/base64-js-1.5.1.tgz#1b1b440160a5bf7ad40b650f095963481903930a"
  integrity sha512-AKpaYlHn8t4SVbOHCy+b5+KKgvR4vrsD8vbvrbiQJps7fKDTkjkDry6ji0rUJjC0kzbNePLwzxq8iypo41qeWA==

bech32@1.1.4:
  version "1.1.4"
  resolved "https://registry.yarnpkg.com/bech32/-/bech32-1.1.4.tgz#e38c9f37bf179b8eb16ae3a772b40c356d4832e9"
  integrity sha512-s0IrSOzLlbvX7yp4WBfPITzpAU8sqQcpsmwXDiKwrG4r491vwCO/XpejasRNl0piBMe/DvP4Tz0mIS/X1DPJBQ==

bn.js@^4.11.9:
  version "4.12.0"
  resolved "https://registry.yarnpkg.com/bn.js/-/bn.js-4.12.0.tgz#775b3f278efbb9718eec7361f483fb36fbbfea88"
  integrity sha512-c98Bf3tPniI+scsdk237ku1Dc3ujXQTSgyiPUDEOe7tRkhrqridvh8klBv0HCEso1OLOYcHuCv/cS6DNxKH+ZA==

bn.js@^5.2.1:
  version "5.2.1"
  resolved "https://registry.yarnpkg.com/bn.js/-/bn.js-5.2.1.tgz#0bc527a6a0d18d0aa8d5b0538ce4a77dccfa7b70"
  integrity sha512-eXRvHzWyYPBuB4NBy0cmYQjGitUrtqwbvlzP3G6VFnNRbsZQIxQ10PbKKHt8gZ/HW/D/747aDl+QkDqg3KQLMQ==

brorand@^1.1.0:
  version "1.1.0"
  resolved "https://registry.yarnpkg.com/brorand/-/brorand-1.1.0.tgz#12c25efe40a45e3c323eb8675a0a0ce57b22371f"
  integrity sha512-cKV8tMCEpQs4hK/ik71d6LrPOnpkpGBR0wzxqr68g2m/LB2GxVYQroAjMJZRVM1Y4BCjCKc3vAamxSzOY2RP+w==

bson@^4.6.5:
  version "4.6.5"
  resolved "https://registry.yarnpkg.com/bson/-/bson-4.6.5.tgz#1a410148c20eef4e40d484878a037a7036e840fb"
  integrity sha512-uqrgcjyOaZsHfz7ea8zLRCLe1u+QGUSzMZmvXqO24CDW7DWoW1qiN9folSwa7hSneTSgM2ykDIzF5kcQQ8cwNw==
  dependencies:
    buffer "^5.6.0"

buffer@^5.6.0:
  version "5.7.1"
  resolved "https://registry.yarnpkg.com/buffer/-/buffer-5.7.1.tgz#ba62e7c13133053582197160851a8f648e99eed0"
  integrity sha512-EHcyIPBQ4BSGlvjB16k5KgAJ27CIsHY/2JBmCRReo48y9rQ3MaUzWX3KVlBa4U7MyX02HdVj0K7C3WaB3ju7FQ==
  dependencies:
    base64-js "^1.3.1"
    ieee754 "^1.1.13"

cacheable-lookup@^5.0.3:
  version "5.0.4"
  resolved "https://registry.yarnpkg.com/cacheable-lookup/-/cacheable-lookup-5.0.4.tgz#5a6b865b2c44357be3d5ebc2a467b032719a7005"
  integrity sha512-2/kNscPhpcxrOigMZzbiWF7dz8ilhb/nIHU3EyZiXWXpeq/au8qJ8VhdftMkty3n7Gj6HIGalQG8oiBNB3AJgA==

cacheable-request@^7.0.2:
  version "7.0.2"
  resolved "https://registry.yarnpkg.com/cacheable-request/-/cacheable-request-7.0.2.tgz#ea0d0b889364a25854757301ca12b2da77f91d27"
  integrity sha512-pouW8/FmiPQbuGpkXQ9BAPv/Mo5xDGANgSNXzTzJ8DrKGuXOssM4wIQRjfanNRh3Yu5cfYPvcorqbhg2KIJtew==
  dependencies:
    clone-response "^1.0.2"
    get-stream "^5.1.0"
    http-cache-semantics "^4.0.0"
    keyv "^4.0.0"
    lowercase-keys "^2.0.0"
    normalize-url "^6.0.1"
    responselike "^2.0.0"

clone-response@^1.0.2:
  version "1.0.3"
  resolved "https://registry.yarnpkg.com/clone-response/-/clone-response-1.0.3.tgz#af2032aa47816399cf5f0a1d0db902f517abb8c3"
  integrity sha512-ROoL94jJH2dUVML2Y/5PEDNaSHgeOdSDicUyS7izcF63G6sTc/FTjLub4b8Il9S8S0beOfYt0TaA5qvFK+w0wA==
  dependencies:
    mimic-response "^1.0.0"

compress-brotli@^1.3.8:
  version "1.3.8"
  resolved "https://registry.yarnpkg.com/compress-brotli/-/compress-brotli-1.3.8.tgz#0c0a60c97a989145314ec381e84e26682e7b38db"
  integrity sha512-lVcQsjhxhIXsuupfy9fmZUFtAIdBmXA7EGY6GBdgZ++qkM9zG4YFT8iU7FoBxzryNDMOpD1HIFHUSX4D87oqhQ==
  dependencies:
    "@types/json-buffer" "~3.0.0"
    json-buffer "~3.0.1"

decompress-response@^6.0.0:
  version "6.0.0"
  resolved "https://registry.yarnpkg.com/decompress-response/-/decompress-response-6.0.0.tgz#ca387612ddb7e104bd16d85aab00d5ecf09c66fc"
  integrity sha512-aW35yZM6Bb/4oJlZncMH2LCoZtJXTRxES17vE3hoRiowU2kWHaJKFkSBDnDR+cm9J+9QhXmREyIfv0pji9ejCQ==
  dependencies:
    mimic-response "^3.1.0"

defer-to-connect@^2.0.0:
  version "2.0.1"
  resolved "https://registry.yarnpkg.com/defer-to-connect/-/defer-to-connect-2.0.1.tgz#8016bdb4143e4632b77a3449c6236277de520587"
  integrity sha512-4tvttepXG1VaYGrRibk5EwJd1t4udunSOVMdLSAL6mId1ix438oPwPZMALY41FCijukO1L0twNcGsdzS7dHgDg==

denque@^2.0.1:
  version "2.1.0"
  resolved "https://registry.yarnpkg.com/denque/-/denque-2.1.0.tgz#e93e1a6569fb5e66f16a3c2a2964617d349d6ab1"
  integrity sha512-HVQE3AAb/pxF8fQAoiqpvg9i3evqug3hoiwakOyZAwJm+6vZehbkYXZ0l4JxS+I3QxM97v5aaRNhj8v5oBhekw==

dotenv@^16.0.1:
  version "16.0.1"
  resolved "https://registry.yarnpkg.com/dotenv/-/dotenv-16.0.1.tgz#8f8f9d94876c35dac989876a5d3a82a267fdce1d"
  integrity sha512-1K6hR6wtk2FviQ4kEiSjFiH5rpzEVi8WW0x96aztHVMhEspNpc4DVOUTEHtEva5VThQ8IaBX1Pe4gSzpVVUsKQ==

elliptic@6.5.4:
  version "6.5.4"
  resolved "https://registry.yarnpkg.com/elliptic/-/elliptic-6.5.4.tgz#da37cebd31e79a1367e941b592ed1fbebd58abbb"
  integrity sha512-iLhC6ULemrljPZb+QutR5TQGB+pdW6KGD5RSegS+8sorOZT+rdQFbsQFJgvN3eRqNALqJer4oQ16YvJHlU8hzQ==
  dependencies:
    bn.js "^4.11.9"
    brorand "^1.1.0"
    hash.js "^1.0.0"
    hmac-drbg "^1.0.1"
    inherits "^2.0.4"
    minimalistic-assert "^1.0.1"
    minimalistic-crypto-utils "^1.0.1"

end-of-stream@^1.1.0:
  version "1.4.4"
  resolved "https://registry.yarnpkg.com/end-of-stream/-/end-of-stream-1.4.4.tgz#5ae64a5f45057baf3626ec14da0ca5e4b2431eb0"
  integrity sha512-+uw1inIHVPQoaVuHzRyXd21icM+cnt4CzD5rW+NC1wjOUSTOs+Te7FOv7AhN7vS9x/oIyhLP5PR1H+phQAHu5Q==
  dependencies:
    once "^1.4.0"

ethers@^5.6.8:
  version "5.6.9"
  resolved "https://registry.yarnpkg.com/ethers/-/ethers-5.6.9.tgz#4e12f8dfcb67b88ae7a78a9519b384c23c576a4d"
  integrity sha512-lMGC2zv9HC5EC+8r429WaWu3uWJUCgUCt8xxKCFqkrFuBDZXDYIdzDUECxzjf2BMF8IVBByY1EBoGSL3RTm8RA==
  dependencies:
    "@ethersproject/abi" "5.6.4"
    "@ethersproject/abstract-provider" "5.6.1"
    "@ethersproject/abstract-signer" "5.6.2"
    "@ethersproject/address" "5.6.1"
    "@ethersproject/base64" "5.6.1"
    "@ethersproject/basex" "5.6.1"
    "@ethersproject/bignumber" "5.6.2"
    "@ethersproject/bytes" "5.6.1"
    "@ethersproject/constants" "5.6.1"
    "@ethersproject/contracts" "5.6.2"
    "@ethersproject/hash" "5.6.1"
    "@ethersproject/hdnode" "5.6.2"
    "@ethersproject/json-wallets" "5.6.1"
    "@ethersproject/keccak256" "5.6.1"
    "@ethersproject/logger" "5.6.0"
    "@ethersproject/networks" "5.6.4"
    "@ethersproject/pbkdf2" "5.6.1"
    "@ethersproject/properties" "5.6.0"
    "@ethersproject/providers" "5.6.8"
    "@ethersproject/random" "5.6.1"
    "@ethersproject/rlp" "5.6.1"
    "@ethersproject/sha2" "5.6.1"
    "@ethersproject/signing-key" "5.6.2"
    "@ethersproject/solidity" "5.6.1"
    "@ethersproject/strings" "5.6.1"
    "@ethersproject/transactions" "5.6.2"
    "@ethersproject/units" "5.6.1"
    "@ethersproject/wallet" "5.6.2"
    "@ethersproject/web" "5.6.1"
    "@ethersproject/wordlists" "5.6.1"

get-stream@^5.1.0:
  version "5.2.0"
  resolved "https://registry.yarnpkg.com/get-stream/-/get-stream-5.2.0.tgz#4966a1795ee5ace65e706c4b7beb71257d6e22d3"
  integrity sha512-nBF+F1rAZVCu/p7rjzgA+Yb4lfYXrpl7a6VmJrU8wF9I1CKvP/QwPNZHnOlwbTkY6dvtFIzFMSyQXbLoTQPRpA==
  dependencies:
    pump "^3.0.0"

got@^11.8.2:
  version "11.8.5"
  resolved "https://registry.yarnpkg.com/got/-/got-11.8.5.tgz#ce77d045136de56e8f024bebb82ea349bc730046"
  integrity sha512-o0Je4NvQObAuZPHLFoRSkdG2lTgtcynqymzg2Vupdx6PorhaT5MCbIyXG6d4D94kk8ZG57QeosgdiqfJWhEhlQ==
  dependencies:
    "@sindresorhus/is" "^4.0.0"
    "@szmarczak/http-timer" "^4.0.5"
    "@types/cacheable-request" "^6.0.1"
    "@types/responselike" "^1.0.0"
    cacheable-lookup "^5.0.3"
    cacheable-request "^7.0.2"
    decompress-response "^6.0.0"
    http2-wrapper "^1.0.0-beta.5.2"
    lowercase-keys "^2.0.0"
    p-cancelable "^2.0.0"
    responselike "^2.0.0"

hash.js@1.1.7, hash.js@^1.0.0, hash.js@^1.0.3:
  version "1.1.7"
  resolved "https://registry.yarnpkg.com/hash.js/-/hash.js-1.1.7.tgz#0babca538e8d4ee4a0f8988d68866537a003cf42"
  integrity sha512-taOaskGt4z4SOANNseOviYDvjEJinIkRgmp7LbKP2YTTmVxWBl87s/uzK9r+44BclBSp2X7K1hqeNfz9JbBeXA==
  dependencies:
    inherits "^2.0.3"
    minimalistic-assert "^1.0.1"

hmac-drbg@^1.0.1:
  version "1.0.1"
  resolved "https://registry.yarnpkg.com/hmac-drbg/-/hmac-drbg-1.0.1.tgz#d2745701025a6c775a6c545793ed502fc0c649a1"
  integrity sha512-Tti3gMqLdZfhOQY1Mzf/AanLiqh1WTiJgEj26ZuYQ9fbkLomzGchCws4FyrSd4VkpBfiNhaE1On+lOz894jvXg==
  dependencies:
    hash.js "^1.0.3"
    minimalistic-assert "^1.0.0"
    minimalistic-crypto-utils "^1.0.1"

http-cache-semantics@^4.0.0:
  version "4.1.0"
  resolved "https://registry.yarnpkg.com/http-cache-semantics/-/http-cache-semantics-4.1.0.tgz#49e91c5cbf36c9b94bcfcd71c23d5249ec74e390"
  integrity sha512-carPklcUh7ROWRK7Cv27RPtdhYhUsela/ue5/jKzjegVvXDqM2ILE9Q2BGn9JZJh1g87cp56su/FgQSzcWS8cQ==

http2-wrapper@^1.0.0-beta.5.2:
  version "1.0.3"
  resolved "https://registry.yarnpkg.com/http2-wrapper/-/http2-wrapper-1.0.3.tgz#b8f55e0c1f25d4ebd08b3b0c2c079f9590800b3d"
  integrity sha512-V+23sDMr12Wnz7iTcDeJr3O6AIxlnvT/bmaAAAP/Xda35C90p9599p0F1eHR/N1KILWSoWVAiOMFjBBXaXSMxg==
  dependencies:
    quick-lru "^5.1.1"
    resolve-alpn "^1.0.0"

ieee754@^1.1.13:
  version "1.2.1"
  resolved "https://registry.yarnpkg.com/ieee754/-/ieee754-1.2.1.tgz#8eb7a10a63fff25d15a57b001586d177d1b0d352"
  integrity sha512-dcyqhDvX1C46lXZcVqCpK+FtMRQVdIMN6/Df5js2zouUsqG7I6sFxitIC+7KYK29KdXOLHdu9zL4sFnoVQnqaA==

inherits@^2.0.3, inherits@^2.0.4:
  version "2.0.4"
  resolved "https://registry.yarnpkg.com/inherits/-/inherits-2.0.4.tgz#0fa2c64f932917c3433a0ded55363aae37416b7c"
  integrity sha512-k/vGaX4/Yla3WzyMCvTQOXYeIHvqOKtnqBduzTHpzpQZzAskKMhZ2K+EnBiSM9zGSoIFeMpXKxa4dYeZIQqewQ==

ip@^2.0.0:
  version "2.0.0"
  resolved "https://registry.yarnpkg.com/ip/-/ip-2.0.0.tgz#4cf4ab182fee2314c75ede1276f8c80b479936da"
  integrity sha512-WKa+XuLG1A1R0UWhl2+1XQSi+fZWMsYKffMZTTYsiZaUD8k2yDAj5atimTUD2TZkyCkNEeYE5NhFZmupOGtjYQ==

js-sha3@0.8.0:
  version "0.8.0"
  resolved "https://registry.yarnpkg.com/js-sha3/-/js-sha3-0.8.0.tgz#b9b7a5da73afad7dedd0f8c463954cbde6818840"
  integrity sha512-gF1cRrHhIzNfToc802P800N8PpXS+evLLXfsVpowqmAFR9uwbi89WvXg2QspOmXL8QL86J4T1EpFu+yUkwJY3Q==

json-buffer@3.0.1, json-buffer@~3.0.1:
  version "3.0.1"
  resolved "https://registry.yarnpkg.com/json-buffer/-/json-buffer-3.0.1.tgz#9338802a30d3b6605fbe0613e094008ca8c05a13"
  integrity sha512-4bV5BfR2mqfQTJm+V5tPPdf+ZpuhiIvTuAB5g8kcrXOZpTT/QwwVRWBywX1ozr6lEuPdbHxwaJlm9G6mI2sfSQ==

keyv@^4.0.0:
  version "4.3.3"
  resolved "https://registry.yarnpkg.com/keyv/-/keyv-4.3.3.tgz#6c1bcda6353a9e96fc1b4e1aeb803a6e35090ba9"
  integrity sha512-AcysI17RvakTh8ir03+a3zJr5r0ovnAH/XTXei/4HIv3bL2K/jzvgivLK9UuI/JbU1aJjM3NSAnVvVVd3n+4DQ==
  dependencies:
    compress-brotli "^1.3.8"
    json-buffer "3.0.1"

lowercase-keys@^2.0.0:
  version "2.0.0"
  resolved "https://registry.yarnpkg.com/lowercase-keys/-/lowercase-keys-2.0.0.tgz#2603e78b7b4b0006cbca2fbcc8a3202558ac9479"
  integrity sha512-tqNXrS78oMOE73NMxK4EMLQsQowWf8jKooH9g7xPavRT706R6bkQJ6DY2Te7QukaZsulxa30wQ7bk0pm4XiHmA==

memory-pager@^1.0.2:
  version "1.5.0"
  resolved "https://registry.yarnpkg.com/memory-pager/-/memory-pager-1.5.0.tgz#d8751655d22d384682741c972f2c3d6dfa3e66b5"
  integrity sha512-ZS4Bp4r/Zoeq6+NLJpP+0Zzm0pR8whtGPf1XExKLJBAczGMnSi3It14OiNCStjQjM6NU1okjQGSxgEZN8eBYKg==

mimic-response@^1.0.0:
  version "1.0.1"
  resolved "https://registry.yarnpkg.com/mimic-response/-/mimic-response-1.0.1.tgz#4923538878eef42063cb8a3e3b0798781487ab1b"
  integrity sha512-j5EctnkH7amfV/q5Hgmoal1g2QHFJRraOtmx0JpIqkxhBhI/lJSl1nMpQ45hVarwNETOoWEimndZ4QK0RHxuxQ==

mimic-response@^3.1.0:
  version "3.1.0"
  resolved "https://registry.yarnpkg.com/mimic-response/-/mimic-response-3.1.0.tgz#2d1d59af9c1b129815accc2c46a022a5ce1fa3c9"
  integrity sha512-z0yWI+4FDrrweS8Zmt4Ej5HdJmky15+L2e6Wgn3+iK5fWzb6T3fhNFq2+MeTRb064c6Wr4N/wv0DzQTjNzHNGQ==

minimalistic-assert@^1.0.0, minimalistic-assert@^1.0.1:
  version "1.0.1"
  resolved "https://registry.yarnpkg.com/minimalistic-assert/-/minimalistic-assert-1.0.1.tgz#2e194de044626d4a10e7f7fbc00ce73e83e4d5c7"
  integrity sha512-UtJcAD4yEaGtjPezWuO9wC4nwUnVH/8/Im3yEHQP4b67cXlD/Qr9hdITCU1xDbSEXg2XKNaP8jsReV7vQd00/A==

minimalistic-crypto-utils@^1.0.1:
  version "1.0.1"
  resolved "https://registry.yarnpkg.com/minimalistic-crypto-utils/-/minimalistic-crypto-utils-1.0.1.tgz#f6c00c1c0b082246e5c4d99dfb8c7c083b2b582a"
  integrity sha512-JIYlbt6g8i5jKfJ3xz7rF0LXmv2TkDxBLUkiBeZ7bAx4GnnNMr8xFpGnOxn6GhTEHx3SjRrZEoU+j04prX1ktg==

moment-timezone@^0.5.31:
  version "0.5.34"
  resolved "https://registry.yarnpkg.com/moment-timezone/-/moment-timezone-0.5.34.tgz#a75938f7476b88f155d3504a9343f7519d9a405c"
  integrity sha512-3zAEHh2hKUs3EXLESx/wsgw6IQdusOT8Bxm3D9UrHPQR7zlMmzwybC8zHEM1tQ4LJwP7fcxrWr8tuBg05fFCbg==
  dependencies:
    moment ">= 2.9.0"

"moment@>= 2.9.0":
  version "2.29.4"
  resolved "https://registry.yarnpkg.com/moment/-/moment-2.29.4.tgz#3dbe052889fe7c1b2ed966fcb3a77328964ef108"
  integrity sha512-5LC9SOxjSc2HF6vO2CyuTDNivEdoz2IvyJJGj6X8DJ0eFyfszE0QiEd+iXmBvUP3WHxSjFH/vIsA0EN00cgr8w==

mongodb-connection-string-url@^2.5.2:
  version "2.5.3"
  resolved "https://registry.yarnpkg.com/mongodb-connection-string-url/-/mongodb-connection-string-url-2.5.3.tgz#c0c572b71570e58be2bd52b33dffd1330cfb6990"
  integrity sha512-f+/WsED+xF4B74l3k9V/XkTVj5/fxFH2o5ToKXd8Iyi5UhM+sO9u0Ape17Mvl/GkZaFtM0HQnzAG5OTmhKw+tQ==
  dependencies:
    "@types/whatwg-url" "^8.2.1"
    whatwg-url "^11.0.0"

mongodb@^4.7.0:
  version "4.8.1"
  resolved "https://registry.yarnpkg.com/mongodb/-/mongodb-4.8.1.tgz#596de88ff4519128266d9254dbe5b781c4005796"
  integrity sha512-/NyiM3Ox9AwP5zrfT9TXjRKDJbXlLaUDQ9Rg//2lbg8D2A8GXV0VidYYnA/gfdK6uwbnL4FnAflH7FbGw3TS7w==
  dependencies:
    bson "^4.6.5"
    denque "^2.0.1"
    mongodb-connection-string-url "^2.5.2"
    socks "^2.6.2"
  optionalDependencies:
    saslprep "^1.0.3"

node-cron@3.0.0:
  version "3.0.0"
  resolved "https://registry.yarnpkg.com/node-cron/-/node-cron-3.0.0.tgz#b33252803e430f9cd8590cf85738efa1497a9522"
  integrity sha512-DDwIvvuCwrNiaU7HEivFDULcaQualDv7KoNlB/UU1wPW0n1tDEmBJKhEIE6DlF2FuoOHcNbLJ8ITL2Iv/3AWmA==
  dependencies:
    moment-timezone "^0.5.31"

normalize-url@^6.0.1:
  version "6.1.0"
  resolved "https://registry.yarnpkg.com/normalize-url/-/normalize-url-6.1.0.tgz#40d0885b535deffe3f3147bec877d05fe4c5668a"
  integrity sha512-DlL+XwOy3NxAQ8xuC0okPgK46iuVNAK01YN7RueYBqqFeGsBjV9XmCAzAdgt+667bCl5kPh9EqKKDwnaPG1I7A==

once@^1.3.1, once@^1.4.0:
  version "1.4.0"
  resolved "https://registry.yarnpkg.com/once/-/once-1.4.0.tgz#583b1aa775961d4b113ac17d9c50baef9dd76bd1"
  integrity sha512-lNaJgI+2Q5URQBkccEKHTQOPaXdUxnZZElQTZY0MFUAuaEqe1E+Nyvgdz/aIyNi6Z9MzO5dv1H8n58/GELp3+w==
  dependencies:
    wrappy "1"

p-cancelable@^2.0.0:
  version "2.1.1"
  resolved "https://registry.yarnpkg.com/p-cancelable/-/p-cancelable-2.1.1.tgz#aab7fbd416582fa32a3db49859c122487c5ed2cf"
  integrity sha512-BZOr3nRQHOntUjTrH8+Lh54smKHoHyur8We1V8DSMVrl5A2malOOwuJRnKRDjSnkoeBh4at6BwEnb5I7Jl31wg==

prisma@^4.1.1:
  version "4.1.1"
  resolved "https://registry.yarnpkg.com/prisma/-/prisma-4.1.1.tgz#41c2e19896357f484ef21567165d762908376fca"
  integrity sha512-yw50J8If2dKP4wYIi695zthsCASQFHiogGvUHHWd3falx/rpsD6Sb1LMLRV9nO3iGG3lozxNJ2PSINxK7xwdpg==
  dependencies:
    "@prisma/engines" "4.1.1"

pump@^3.0.0:
  version "3.0.0"
  resolved "https://registry.yarnpkg.com/pump/-/pump-3.0.0.tgz#b4a2116815bde2f4e1ea602354e8c75565107a64"
  integrity sha512-LwZy+p3SFs1Pytd/jYct4wpv49HiYCqd9Rlc5ZVdk0V+8Yzv6jR5Blk3TRmPL1ft69TxP0IMZGJ+WPFU2BFhww==
  dependencies:
    end-of-stream "^1.1.0"
    once "^1.3.1"

punycode@^2.1.1:
  version "2.1.1"
  resolved "https://registry.yarnpkg.com/punycode/-/punycode-2.1.1.tgz#b58b010ac40c22c5657616c8d2c2c02c7bf479ec"
  integrity sha512-XRsRjdf+j5ml+y/6GKHPZbrF/8p2Yga0JPtdqTIY2Xe5ohJPD9saDJJLPvp9+NSBprVvevdXZybnj2cv8OEd0A==

quick-lru@^5.1.1:
  version "5.1.1"
  resolved "https://registry.yarnpkg.com/quick-lru/-/quick-lru-5.1.1.tgz#366493e6b3e42a3a6885e2e99d18f80fb7a8c932"
  integrity sha512-WuyALRjWPDGtt/wzJiadO5AXY+8hZ80hVpe6MyivgraREW751X3SbhRvG3eLKOYN+8VEvqLcf3wdnt44Z4S4SA==

resolve-alpn@^1.0.0:
  version "1.2.1"
  resolved "https://registry.yarnpkg.com/resolve-alpn/-/resolve-alpn-1.2.1.tgz#b7adbdac3546aaaec20b45e7d8265927072726f9"
  integrity sha512-0a1F4l73/ZFZOakJnQ3FvkJ2+gSTQWz/r2KE5OdDY0TxPm5h4GkqkWWfM47T7HsbnOtcJVEF4epCVy6u7Q3K+g==

responselike@^2.0.0:
  version "2.0.1"
  resolved "https://registry.yarnpkg.com/responselike/-/responselike-2.0.1.tgz#9a0bc8fdc252f3fb1cca68b016591059ba1422bc"
  integrity sha512-4gl03wn3hj1HP3yzgdI7d3lCkF95F21Pz4BPGvKHinyQzALR5CapwC8yIi0Rh58DEMQ/SguC03wFj2k0M/mHhw==
  dependencies:
    lowercase-keys "^2.0.0"

saslprep@^1.0.3:
  version "1.0.3"
  resolved "https://registry.yarnpkg.com/saslprep/-/saslprep-1.0.3.tgz#4c02f946b56cf54297e347ba1093e7acac4cf226"
  integrity sha512-/MY/PEMbk2SuY5sScONwhUDsV2p77Znkb/q3nSVstq/yQzYJOH/Azh29p9oJLsl3LnQwSvZDKagDGBsBwSooag==
  dependencies:
    sparse-bitfield "^3.0.3"

scrypt-js@3.0.1:
  version "3.0.1"
  resolved "https://registry.yarnpkg.com/scrypt-js/-/scrypt-js-3.0.1.tgz#d314a57c2aef69d1ad98a138a21fe9eafa9ee312"
  integrity sha512-cdwTTnqPu0Hyvf5in5asVdZocVDTNRmR7XEcJuIzMjJeSHybHl7vpB66AzwTaIg6CLSbtjcxc8fqcySfnTkccA==

smart-buffer@^4.2.0:
  version "4.2.0"
  resolved "https://registry.yarnpkg.com/smart-buffer/-/smart-buffer-4.2.0.tgz#6e1d71fa4f18c05f7d0ff216dd16a481d0e8d9ae"
  integrity sha512-94hK0Hh8rPqQl2xXc3HsaBoOXKV20MToPkcXvwbISWLEs+64sBq5kFgn2kJDHb1Pry9yrP0dxrCI9RRci7RXKg==

socks@^2.6.2:
  version "2.7.0"
  resolved "https://registry.yarnpkg.com/socks/-/socks-2.7.0.tgz#f9225acdb841e874dca25f870e9130990f3913d0"
  integrity sha512-scnOe9y4VuiNUULJN72GrM26BNOjVsfPXI+j+98PkyEfsIXroa5ofyjT+FzGvn/xHs73U2JtoBYAVx9Hl4quSA==
  dependencies:
    ip "^2.0.0"
    smart-buffer "^4.2.0"

sparse-bitfield@^3.0.3:
  version "3.0.3"
  resolved "https://registry.yarnpkg.com/sparse-bitfield/-/sparse-bitfield-3.0.3.tgz#ff4ae6e68656056ba4b3e792ab3334d38273ca11"
  integrity sha512-kvzhi7vqKTfkh0PZU+2D2PIllw2ymqJKujUcyPMd9Y75Nv4nPbGJZXNhxsgdQab2BmlDct1YnfQCguEvHr7VsQ==
  dependencies:
    memory-pager "^1.0.2"

tr46@^3.0.0:
  version "3.0.0"
  resolved "https://registry.yarnpkg.com/tr46/-/tr46-3.0.0.tgz#555c4e297a950617e8eeddef633c87d4d9d6cbf9"
  integrity sha512-l7FvfAHlcmulp8kr+flpQZmVwtu7nfRV7NZujtN0OqES8EL4O4e0qqzL0DC5gAvx/ZC/9lk6rhcUwYvkBnBnYA==
  dependencies:
    punycode "^2.1.1"

webidl-conversions@^7.0.0:
  version "7.0.0"
  resolved "https://registry.yarnpkg.com/webidl-conversions/-/webidl-conversions-7.0.0.tgz#256b4e1882be7debbf01d05f0aa2039778ea080a"
  integrity sha512-VwddBukDzu71offAQR975unBIGqfKZpM+8ZX6ySk8nYhVoo5CYaZyzt3YBvYtRtO+aoGlqxPg/B87NGVZ/fu6g==

whatwg-url@^11.0.0:
  version "11.0.0"
  resolved "https://registry.yarnpkg.com/whatwg-url/-/whatwg-url-11.0.0.tgz#0a849eebb5faf2119b901bb76fd795c2848d4018"
  integrity sha512-RKT8HExMpoYx4igMiVMY83lN6UeITKJlBQ+vR/8ZJ8OCdSiN3RwCq+9gH0+Xzj0+5IrM6i4j/6LuvzbZIQgEcQ==
  dependencies:
    tr46 "^3.0.0"
    webidl-conversions "^7.0.0"

wrappy@1:
  version "1.0.2"
  resolved "https://registry.yarnpkg.com/wrappy/-/wrappy-1.0.2.tgz#b5243d8f3ec1aa35f1364605bc0d1036e30ab69f"
  integrity sha512-l4Sp/DRseor9wL6EvV2+TuQn63dMkPjZ/sp9XkghTEbV9KlPS1xUsZ3u7/IQO4wxtcFB4bgpQPRcR3QCvezPcQ==

ws@7.4.6:
  version "7.4.6"
  resolved "https://registry.yarnpkg.com/ws/-/ws-7.4.6.tgz#5654ca8ecdeee47c33a9a4bf6d28e2be2980377c"
  integrity sha512-YmhHDO4MzaDLB+M9ym/mDA5z0naX8j7SIlT8f8z+I0VtzsRbekxEutHSme7NPS2qE8StCYQNUnfWdXta/Yu85A==
